<?xml version="1.0" encoding="UTF-8" standalone="yes" ?>
<CodeBlocks_project_file>
	<FileVersion major="1" minor="6" />
	<Project>
		<Option title="40147009S" />
		<Option pch_mode="2" />
		<Option compiler="gcc" />
		<Build>
			<Target title="Debug">
				<Option output="bin/Debug/proj2" prefix_auto="1" extension_auto="1" />
				<Option object_output="obj/Debug/" />
				<Option type="1" />
				<Option compiler="gcc" />
				<Compiler>
					<Add option="-g" />
					<Add directory="include" />
					<Add directory="../cg_final_project" />
				</Compiler>
				<Linker>
					<Add library="glew32s" />
					<Add library="glew32" />
					<Add library="glut32" />
					<Add library="glu32" />
					<Add library="opengl32" />
				</Linker>
			</Target>
			<Target title="Release">
				<Option output="bin/Release/proj2" prefix_auto="1" extension_auto="1" />
				<Option object_output="obj/Release/" />
				<Option type="1" />
				<Option compiler="gcc" />
				<Compiler>
					<Add option="-O2" />
					<Add directory="include" />
					<Add directory="../cg_final_project" />
				</Compiler>
				<Linker>
					<Add option="-s" />
				</Linker>
			</Target>
		</Build>
		<Compiler>
			<Add option="-Wall" />
		</Compiler>
		<Unit filename="CMyObject.cpp" />
		<Unit filename="CMyObject.h" />
		<Unit filename="CObjGroup.cpp" />
		<Unit filename="CObjGroup.h" />
		<Unit filename="CObjPosition.cpp" />
		<Unit filename="CObjPosition.h" />
		<Unit filename="CgluEye.cpp" />
		<Unit filename="CgluEye.h" />
		<Unit filename="GlobalVariable.h" />
		<Unit filename="TGALoader.cpp" />
		<Unit filename="TGALoader.h" />
		<Unit filename="glm.cpp" />
		<Unit filename="glm.h" />
		<Unit filename="main.cpp" />
		<Unit filename="textfile.cpp" />
		<Unit filename="textfile.h" />
		<Extensions>
			<code_completion />
			<envvars />
			<debugger />
		</Extensions>
	</Project>
</CodeBlocks_project_file>
